
Microsoft Visual Studio Solution File, Format Version 12.00
# Visual Studio 15
VisualStudioVersion = 15.0.26430.14
MinimumVisualStudioVersion = 10.0.40219.1
Project("{FAE04EC0-301F-11D3-BF4B-00C04F79EFBC}") = "WebIntelliTest.Tests", "WebIntelliTest.Tests\WebIntelliTest.Tests.csproj", "{7B35F26A-B07C-4914-92B1-A3DD83EC2067}"
EndProject
Project("{FAE04EC0-301F-11D3-BF4B-00C04F79EFBC}") = "WebIntelliTest", "WebIntelliTest\WebIntelliTest.csproj", "{988CD48F-5701-4CD9-B2ED-6CB1A910EF04}"
EndProject
Global
	GlobalSection(SolutionConfigurationPlatforms) = preSolution
		Debug|Any CPU = Debug|Any CPU
		Release|Any CPU = Release|Any CPU
	EndGlobalSection
	GlobalSection(ProjectConfigurationPlatforms) = postSolution
		{7B35F26A-B07C-4914-92B1-A3DD83EC2067}.Debug|Any CPU.ActiveCfg = Debug|Any CPU
		{7B35F26A-B07C-4914-92B1-A3DD83EC2067}.Debug|Any CPU.Build.0 = Debug|Any CPU
		{7B35F26A-B07C-4914-92B1-A3DD83EC2067}.Release|Any CPU.ActiveCfg = Release|Any CPU
		{7B35F26A-B07C-4914-92B1-A3DD83EC2067}.Release|Any CPU.Build.0 = Release|Any CPU
		{988CD48F-5701-4CD9-B2ED-6CB1A910EF04}.Debug|Any CPU.ActiveCfg = Debug|Any CPU
		{988CD48F-5701-4CD9-B2ED-6CB1A910EF04}.Debug|Any CPU.Build.0 = Debug|Any CPU
		{988CD48F-5701-4CD9-B2ED-6CB1A910EF04}.Release|Any CPU.ActiveCfg = Release|Any CPU
		{988CD48F-5701-4CD9-B2ED-6CB1A910EF04}.Release|Any CPU.Build.0 = Release|Any CPU
	EndGlobalSection
	GlobalSection(SolutionProperties) = preSolution
		HideSolutionNode = FALSE
	EndGlobalSection
EndGlobal
